github.com/google/uuid v1.6.0 h1:NIvaJDMOsjHA8n1jAhLSgzrAzy1Hgr+hNrb57e+94F0=
github.com/google/uuid v1.6.0/go.mod h1:TIyPZe4MgqvfeYDBFedMoGGpEw/LqOeaOT+nhxU+yHo=
maragu.dev/gomponents v1.1.0 h1:iCybZZChHr1eSlvkWp/JP3CrZGzctLudQ/JI3sBcO4U=
maragu.dev/gomponents v1.1.0/go.mod h1:oEDahza2gZoXDoDHhw8jBNgH+3UR5ni7Ur648HORydM=
